{
  "name": "aviator",
  "version": "1.0.0",
  "lockfileVersion": 2,
  "requires": true,
  "packages": {
    "": {
      "name": "aviator",
      "version": "1.0.0",
      "license": "MIT",
      "dependencies": {
        "@malipetek/svelte-calendar": "^1.0.1",
        "dayjs": "^1.11.4",
        "es6-object-assign": "^1.1.0",
        "svelte": "^3.49.0",
        "svelte-fsm": "^1.1.2",
        "swiper": "^8.3.2"
      },
      "devDependencies": {
        "svelte-calendar": "^3.1.6",
        "sveltestrap": "^5.9.0"
      }
    },
    "node_modules/@malipetek/svelte-calendar": {
      "version": "1.0.1",
      "resolved": "https://registry.npmjs.org/@malipetek/svelte-calendar/-/svelte-calendar-1.0.1.tgz",
      "integrity": "sha512-ORHSo8h0vwU2Q9GCF4iwVgRr/w+L47wx/K4zH8Ist8ukOWzRtiTISVTJn2fesNDBqzAUk0osUO/gwfkVC19hOg==",
      "dependencies": {
        "timeUtils": "2.0.0"
      }
    },
    "node_modules/@popperjs/core": {
      "version": "2.11.5",
      "resolved": "https://registry.npmjs.org/@popperjs/core/-/core-2.11.5.tgz",
      "integrity": "sha512-9X2obfABZuDVLCgPK9aX0a/x4jaOEweTTWE2+9sr0Qqqevj2Uv5XorvusThmc9XGYpS9yI+fhh8RTafBtGposw==",
      "dev": true,
      "funding": {
        "type": "opencollective",
        "url": "https://opencollective.com/popperjs"
      }
    },
    "node_modules/dayjs": {
      "version": "1.11.4",
      "resolved": "https://registry.npmjs.org/dayjs/-/dayjs-1.11.4.tgz",
      "integrity": "sha512-Zj/lPM5hOvQ1Bf7uAvewDaUcsJoI6JmNqmHhHl3nyumwe0XHwt8sWdOVAPACJzCebL8gQCi+K49w7iKWnGwX9g=="
    },
    "node_modules/dom7": {
      "version": "4.0.4",
      "resolved": "https://registry.npmjs.org/dom7/-/dom7-4.0.4.tgz",
      "integrity": "sha512-DSSgBzQ4rJWQp1u6o+3FVwMNnT5bzQbMb+o31TjYYeRi05uAcpF8koxdfzeoe5ElzPmua7W7N28YJhF7iEKqIw==",
      "dependencies": {
        "ssr-window": "^4.0.0"
      }
    },
    "node_modules/es6-object-assign": {
      "version": "1.1.0",
      "resolved": "https://registry.npmjs.org/es6-object-assign/-/es6-object-assign-1.1.0.tgz",
      "integrity": "sha512-MEl9uirslVwqQU369iHNWZXsI8yaZYGg/D65aOgZkeyFJwHYSxilf7rQzXKI7DdDuBPrBXbfk3sl9hJhmd5AUw=="
    },
    "node_modules/just-throttle": {
      "version": "2.3.1",
      "resolved": "https://registry.npmjs.org/just-throttle/-/just-throttle-2.3.1.tgz",
      "integrity": "sha512-0H4miIAWZYpnpg7oD/Y/PBb77ISSHAETif5xK9EnwIgYCO6oC8ErkJxDumMUTR44shSOwptRIArRuvNuvN/hOw==",
      "dev": true
    },
    "node_modules/ssr-window": {
      "version": "4.0.2",
      "resolved": "https://registry.npmjs.org/ssr-window/-/ssr-window-4.0.2.tgz",
      "integrity": "sha512-ISv/Ch+ig7SOtw7G2+qkwfVASzazUnvlDTwypdLoPoySv+6MqlOV10VwPSE6EWkGjhW50lUmghPmpYZXMu/+AQ=="
    },
    "node_modules/svelte": {
      "version": "3.49.0",
      "resolved": "https://registry.npmjs.org/svelte/-/svelte-3.49.0.tgz",
      "integrity": "sha512-+lmjic1pApJWDfPCpUUTc1m8azDqYCG1JN9YEngrx/hUyIcFJo6VZhj0A1Ai0wqoHcEIuQy+e9tk+4uDgdtsFA==",
      "engines": {
        "node": ">= 8"
      }
    },
    "node_modules/svelte-calendar": {
      "version": "3.1.6",
      "resolved": "https://registry.npmjs.org/svelte-calendar/-/svelte-calendar-3.1.6.tgz",
      "integrity": "sha512-jOHiPlxBAa1LGVFQZoczdAGnCSI2RKcuQQHj32TjLbXO/P2Povx4JphPEcP7XjKj/s/jimBC6xQyFhyjD0vxbg==",
      "dev": true,
      "dependencies": {
        "dayjs": "^1.10.6",
        "just-throttle": "^2.3.1"
      }
    },
    "node_modules/svelte-fsm": {
      "version": "1.1.2",
      "resolved": "https://registry.npmjs.org/svelte-fsm/-/svelte-fsm-1.1.2.tgz",
      "integrity": "sha512-lGeuhELDkQC5WK4+MHJtdigXCqwsYMR1euyRTacDCwtbORzEy5ovivTY3Mnd5bM7H+huO3nKjNjdPvDLcLn3pQ==",
      "engines": {
        "node": ">=14.0.0",
        "npm": ">=7.0.0"
      }
    },
    "node_modules/sveltestrap": {
      "version": "5.9.0",
      "resolved": "https://registry.npmjs.org/sveltestrap/-/sveltestrap-5.9.0.tgz",
      "integrity": "sha512-ZSiYKYrKhDMhhbamnAFK3RK/uqUdcLgjae5Fk3GYdv6Ccth0tN2y6vSg+Vp/PBTYc51u08ZwnYvt8SfWSRNCMA==",
      "dev": true,
      "dependencies": {
        "@popperjs/core": "^2.9.2"
      },
      "peerDependencies": {
        "svelte": "^3.29.0"
      }
    },
    "node_modules/swiper": {
      "version": "8.3.2",
      "resolved": "https://registry.npmjs.org/swiper/-/swiper-8.3.2.tgz",
      "integrity": "sha512-8wsC7ORYvVSnLUoxs2+xmfLrDPNjBVQXMCFbOlqtHeON6wtu/blOyySDr8TCBCdse1bdcIbn7m8xJNxVFL8o4Q==",
      "funding": [
        {
          "type": "patreon",
          "url": "https://www.patreon.com/swiperjs"
        },
        {
          "type": "open_collective",
          "url": "http://opencollective.com/swiper"
        }
      ],
      "hasInstallScript": true,
      "dependencies": {
        "dom7": "^4.0.4",
        "ssr-window": "^4.0.2"
      },
      "engines": {
        "node": ">= 4.7.0"
      }
    },
    "node_modules/timeUtils": {
      "version": "2.0.0",
      "resolved": "https://registry.npmjs.org/timeUtils/-/timeUtils-2.0.0.tgz",
      "integrity": "sha512-rk1y/5ix4HczK3q4caEvo2iIhgRIHL6g85sX2rPNse8sKUATzYEAX1jAYYsW139aAcn1b24jV4By0SLmosQVyA=="
    }
  },
  "dependencies": {
    "@malipetek/svelte-calendar": {
      "version": "1.0.1",
      "resolved": "https://registry.npmjs.org/@malipetek/svelte-calendar/-/svelte-calendar-1.0.1.tgz",
      "integrity": "sha512-ORHSo8h0vwU2Q9GCF4iwVgRr/w+L47wx/K4zH8Ist8ukOWzRtiTISVTJn2fesNDBqzAUk0osUO/gwfkVC19hOg==",
      "requires": {
        "timeUtils": "2.0.0"
      }
    },
    "@popperjs/core": {
      "version": "2.11.5",
      "resolved": "https://registry.npmjs.org/@popperjs/core/-/core-2.11.5.tgz",
      "integrity": "sha512-9X2obfABZuDVLCgPK9aX0a/x4jaOEweTTWE2+9sr0Qqqevj2Uv5XorvusThmc9XGYpS9yI+fhh8RTafBtGposw==",
      "dev": true
    },
    "dayjs": {
      "version": "1.11.4",
      "resolved": "https://registry.npmjs.org/dayjs/-/dayjs-1.11.4.tgz",
      "integrity": "sha512-Zj/lPM5hOvQ1Bf7uAvewDaUcsJoI6JmNqmHhHl3nyumwe0XHwt8sWdOVAPACJzCebL8gQCi+K49w7iKWnGwX9g=="
    },
    "dom7": {
      "version": "4.0.4",
      "resolved": "https://registry.npmjs.org/dom7/-/dom7-4.0.4.tgz",
      "integrity": "sha512-DSSgBzQ4rJWQp1u6o+3FVwMNnT5bzQbMb+o31TjYYeRi05uAcpF8koxdfzeoe5ElzPmua7W7N28YJhF7iEKqIw==",
      "requires": {
        "ssr-window": "^4.0.0"
      }
    },
    "es6-object-assign": {
      "version": "1.1.0",
      "resolved": "https://registry.npmjs.org/es6-object-assign/-/es6-object-assign-1.1.0.tgz",
      "integrity": "sha512-MEl9uirslVwqQU369iHNWZXsI8yaZYGg/D65aOgZkeyFJwHYSxilf7rQzXKI7DdDuBPrBXbfk3sl9hJhmd5AUw=="
    },
    "just-throttle": {
      "version": "2.3.1",
      "resolved": "https://registry.npmjs.org/just-throttle/-/just-throttle-2.3.1.tgz",
      "integrity": "sha512-0H4miIAWZYpnpg7oD/Y/PBb77ISSHAETif5xK9EnwIgYCO6oC8ErkJxDumMUTR44shSOwptRIArRuvNuvN/hOw==",
      "dev": true
    },
    "ssr-window": {
      "version": "4.0.2",
      "resolved": "https://registry.npmjs.org/ssr-window/-/ssr-window-4.0.2.tgz",
      "integrity": "sha512-ISv/Ch+ig7SOtw7G2+qkwfVASzazUnvlDTwypdLoPoySv+6MqlOV10VwPSE6EWkGjhW50lUmghPmpYZXMu/+AQ=="
    },
    "svelte": {
      "version": "3.49.0",
      "resolved": "https://registry.npmjs.org/svelte/-/svelte-3.49.0.tgz",
      "integrity": "sha512-+lmjic1pApJWDfPCpUUTc1m8azDqYCG1JN9YEngrx/hUyIcFJo6VZhj0A1Ai0wqoHcEIuQy+e9tk+4uDgdtsFA=="
    },
    "svelte-calendar": {
      "version": "3.1.6",
      "resolved": "https://registry.npmjs.org/svelte-calendar/-/svelte-calendar-3.1.6.tgz",
      "integrity": "sha512-jOHiPlxBAa1LGVFQZoczdAGnCSI2RKcuQQHj32TjLbXO/P2Povx4JphPEcP7XjKj/s/jimBC6xQyFhyjD0vxbg==",
      "dev": true,
      "requires": {
        "dayjs": "^1.10.6",
        "just-throttle": "^2.3.1"
      }
    },
    "svelte-fsm": {
      "version": "1.1.2",
      "resolved": "https://registry.npmjs.org/svelte-fsm/-/svelte-fsm-1.1.2.tgz",
      "integrity": "sha512-lGeuhELDkQC5WK4+MHJtdigXCqwsYMR1euyRTacDCwtbORzEy5ovivTY3Mnd5bM7H+huO3nKjNjdPvDLcLn3pQ=="
    },
    "sveltestrap": {
      "version": "5.9.0",
      "resolved": "https://registry.npmjs.org/sveltestrap/-/sveltestrap-5.9.0.tgz",
      "integrity": "sha512-ZSiYKYrKhDMhhbamnAFK3RK/uqUdcLgjae5Fk3GYdv6Ccth0tN2y6vSg+Vp/PBTYc51u08ZwnYvt8SfWSRNCMA==",
      "dev": true,
      "requires": {
        "@popperjs/core": "^2.9.2"
      }
    },
    "swiper": {
      "version": "8.3.2",
      "resolved": "https://registry.npmjs.org/swiper/-/swiper-8.3.2.tgz",
      "integrity": "sha512-8wsC7ORYvVSnLUoxs2+xmfLrDPNjBVQXMCFbOlqtHeON6wtu/blOyySDr8TCBCdse1bdcIbn7m8xJNxVFL8o4Q==",
      "requires": {
        "dom7": "^4.0.4",
        "ssr-window": "^4.0.2"
      }
    },
    "timeUtils": {
      "version": "2.0.0",
      "resolved": "https://registry.npmjs.org/timeUtils/-/timeUtils-2.0.0.tgz",
      "integrity": "sha512-rk1y/5ix4HczK3q4caEvo2iIhgRIHL6g85sX2rPNse8sKUATzYEAX1jAYYsW139aAcn1b24jV4By0SLmosQVyA=="
    }
  }
}
